Docker Don't be afraid to give up the good to go for the great. WebSockets Happiness is not something ready made. It comes from your own actions. Microservices Message Queue Work hard in silence, let your success be your noise. Deployment Big Data Artificial Intelligence Lambda Functions Distributed Systems
