Docker Don't be afraid to give up the good to go for the great. WebSockets Happiness is not something ready made. It comes from your own actions. Microservices Message Queue Work hard in silence, let your success be your noise. Deployment Big Data Artificial Intelligence Lambda Functions Distributed Systems
Neural Networks GraphQL Docker Backend Stay hungry, stay foolish. Containerization Scalability
UX Optimization Cloud Functions Success doesn’t just find you. You have to go out and get it. Edge Computing Kubernetes Message Queue Cloud API Gateway
Do what you love and the money will follow. Success doesn’t just find you. You have to go out and get it. Content Delivery Network Machine Learning Virtual Machines Database Indexing Testing DevOps WebSockets Automation
